// !$*UTF8*$!
{
	archiveVersion = 1;
	classes = {
	};
	objectVersion = 55;
	objects = {

/* Begin PBXBuildFile section */
		4DFD683727DBE099002D0A73 /* AppDelegate.swift in Sources */ = {isa = PBXBuildFile; fileRef = 4DFD683627DBE099002D0A73 /* AppDelegate.swift */; };
		4DFD684027DBE09A002D0A73 /* Assets.xcassets in Resources */ = {isa = PBXBuildFile; fileRef = 4DFD683F27DBE09A002D0A73 /* Assets.xcassets */; };
		4DFD684327DBE09A002D0A73 /* LaunchScreen.storyboard in Resources */ = {isa = PBXBuildFile; fileRef = 4DFD684127DBE09A002D0A73 /* LaunchScreen.storyboard */; };
		4DFD684B27DBE0EA002D0A73 /* TestViewController.swift in Sources */ = {isa = PBXBuildFile; fileRef = 4DFD684A27DBE0EA002D0A73 /* TestViewController.swift */; };
		4DFD684E27DBE21C002D0A73 /* UIVIew + Extension.swift in Sources */ = {isa = PBXBuildFile; fileRef = 4DFD684D27DBE21C002D0A73 /* UIVIew + Extension.swift */; };
		4DFD685027DBE32A002D0A73 /* BackView.swift in Sources */ = {isa = PBXBuildFile; fileRef = 4DFD684F27DBE32A002D0A73 /* BackView.swift */; };
		4DFD685227DCD3CB002D0A73 /* BackContentView.swift in Sources */ = {isa = PBXBuildFile; fileRef = 4DFD685127DCD3CB002D0A73 /* BackContentView.swift */; };
		4DFD685527DCD6EE002D0A73 /* PouringButton.swift in Sources */ = {isa = PBXBuildFile; fileRef = 4DFD685427DCD6EE002D0A73 /* PouringButton.swift */; };
		4DFD685727DCE51A002D0A73 /* PouringModel.swift in Sources */ = {isa = PBXBuildFile; fileRef = 4DFD685627DCE51A002D0A73 /* PouringModel.swift */; };
		4DFD685927DCE6B8002D0A73 /* PouringContentView.swift in Sources */ = {isa = PBXBuildFile; fileRef = 4DFD685827DCE6B8002D0A73 /* PouringContentView.swift */; };
		4DFD685B27DCEA98002D0A73 /* PouringTopView.swift in Sources */ = {isa = PBXBuildFile; fileRef = 4DFD685A27DCEA98002D0A73 /* PouringTopView.swift */; };
/* End PBXBuildFile section */

/* Begin PBXFileReference section */
		4DFD683327DBE099002D0A73 /* PouringAppTest.app */ = {isa = PBXFileReference; explicitFileType = wrapper.application; includeInIndex = 0; path = PouringAppTest.app; sourceTree = BUILT_PRODUCTS_DIR; };
		4DFD683627DBE099002D0A73 /* AppDelegate.swift */ = {isa = PBXFileReference; lastKnownFileType = sourcecode.swift; path = AppDelegate.swift; sourceTree = "<group>"; };
		4DFD683F27DBE09A002D0A73 /* Assets.xcassets */ = {isa = PBXFileReference; lastKnownFileType = folder.assetcatalog; path = Assets.xcassets; sourceTree = "<group>"; };
		4DFD684227DBE09A002D0A73 /* Base */ = {isa = PBXFileReference; lastKnownFileType = file.storyboard; name = Base; path = Base.lproj/LaunchScreen.storyboard; sourceTree = "<group>"; };
		4DFD684427DBE09A002D0A73 /* Info.plist */ = {isa = PBXFileReference; lastKnownFileType = text.plist.xml; path = Info.plist; sourceTree = "<group>"; };
		4DFD684A27DBE0EA002D0A73 /* TestViewController.swift */ = {isa = PBXFileReference; lastKnownFileType = sourcecode.swift; path = TestViewController.swift; sourceTree = "<group>"; };
		4DFD684D27DBE21C002D0A73 /* UIVIew + Extension.swift */ = {isa = PBXFileReference; lastKnownFileType = sourcecode.swift; path = "UIVIew + Extension.swift"; sourceTree = "<group>"; };
		4DFD684F27DBE32A002D0A73 /* BackView.swift */ = {isa = PBXFileReference; lastKnownFileType = sourcecode.swift; path = BackView.swift; sourceTree = "<group>"; };
		4DFD685127DCD3CB002D0A73 /* BackContentView.swift */ = {isa = PBXFileReference; lastKnownFileType = sourcecode.swift; path = BackContentView.swift; sourceTree = "<group>"; };
		4DFD685427DCD6EE002D0A73 /* PouringButton.swift */ = {isa = PBXFileReference; lastKnownFileType = sourcecode.swift; path = PouringButton.swift; sourceTree = "<group>"; };
		4DFD685627DCE51A002D0A73 /* PouringModel.swift */ = {isa = PBXFileReference; lastKnownFileType = sourcecode.swift; path = PouringModel.swift; sourceTree = "<group>"; };
		4DFD685827DCE6B8002D0A73 /* PouringContentView.swift */ = {isa = PBXFileReference; lastKnownFileType = sourcecode.swift; path = PouringContentView.swift; sourceTree = "<group>"; };
		4DFD685A27DCEA98002D0A73 /* PouringTopView.swift */ = {isa = PBXFileReference; lastKnownFileType = sourcecode.swift; path = PouringTopView.swift; sourceTree = "<group>"; };
/* End PBXFileReference section */

/* Begin PBXFrameworksBuildPhase section */
		4DFD683027DBE099002D0A73 /* Frameworks */ = {
			isa = PBXFrameworksBuildPhase;
			buildActionMask = 2147483647;
			files = (
			);
			runOnlyForDeploymentPostprocessing = 0;
		};
/* End PBXFrameworksBuildPhase section */

/* Begin PBXGroup section */
		4DFD682A27DBE099002D0A73 = {
			isa = PBXGroup;
			children = (
				4DFD683527DBE099002D0A73 /* PouringAppTest */,
				4DFD683427DBE099002D0A73 /* Products */,
			);
			sourceTree = "<group>";
		};
		4DFD683427DBE099002D0A73 /* Products */ = {
			isa = PBXGroup;
			children = (
				4DFD683327DBE099002D0A73 /* PouringAppTest.app */,
			);
			name = Products;
			sourceTree = "<group>";
		};
		4DFD683527DBE099002D0A73 /* PouringAppTest */ = {
			isa = PBXGroup;
			children = (
				4DFD683627DBE099002D0A73 /* AppDelegate.swift */,
				4DFD684A27DBE0EA002D0A73 /* TestViewController.swift */,
				4DFD685327DCD6DC002D0A73 /* PouringButton */,
				4DFD684C27DBE206002D0A73 /* Helpers */,
				4DFD683F27DBE09A002D0A73 /* Assets.xcassets */,
				4DFD684127DBE09A002D0A73 /* LaunchScreen.storyboard */,
				4DFD684427DBE09A002D0A73 /* Info.plist */,
			);
			path = PouringAppTest;
			sourceTree = "<group>";
		};
		4DFD684C27DBE206002D0A73 /* Helpers */ = {
			isa = PBXGroup;
			children = (
				4DFD684D27DBE21C002D0A73 /* UIVIew + Extension.swift */,
				4DFD684F27DBE32A002D0A73 /* BackView.swift */,
				4DFD685127DCD3CB002D0A73 /* BackContentView.swift */,
			);
			path = Helpers;
			sourceTree = "<group>";
		};
		4DFD685327DCD6DC002D0A73 /* PouringButton */ = {
			isa = PBXGroup;
			children = (
				4DFD685427DCD6EE002D0A73 /* PouringButton.swift */,
				4DFD685A27DCEA98002D0A73 /* PouringTopView.swift */,
				4DFD685827DCE6B8002D0A73 /* PouringContentView.swift */,
				4DFD685627DCE51A002D0A73 /* PouringModel.swift */,
			);
			path = PouringButton;
			sourceTree = "<group>";
		};
/* End PBXGroup section */

/* Begin PBXNativeTarget section */
		4DFD683227DBE099002D0A73 /* PouringAppTest */ = {
			isa = PBXNativeTarget;
			buildConfigurationList = 4DFD684727DBE09A002D0A73 /* Build configuration list for PBXNativeTarget "PouringAppTest" */;
			buildPhases = (
				4DFD682F27DBE099002D0A73 /* Sources */,
				4DFD683027DBE099002D0A73 /* Frameworks */,
				4DFD683127DBE099002D0A73 /* Resources */,
			);
			buildRules = (
			);
			dependencies = (
			);
			name = PouringAppTest;
			productName = PouringAppTest;
			productReference = 4DFD683327DBE099002D0A73 /* PouringAppTest.app */;
			productType = "com.apple.product-type.application";
		};
/* End PBXNativeTarget section */

/* Begin PBXProject section */
		4DFD682B27DBE099002D0A73 /* Project object */ = {
			isa = PBXProject;
			attributes = {
				BuildIndependentTargetsInParallel = 1;
				LastSwiftUpdateCheck = 1320;
				LastUpgradeCheck = 1320;
				TargetAttributes = {
					4DFD683227DBE099002D0A73 = {
						CreatedOnToolsVersion = 13.2.1;
					};
				};
			};
			buildConfigurationList = 4DFD682E27DBE099002D0A73 /* Build configuration list for PBXProject "PouringAppTest" */;
			compatibilityVersion = "Xcode 13.0";
			developmentRegion = en;
			hasScannedForEncodings = 0;
			knownRegions = (
				en,
				Base,
			);
			mainGroup = 4DFD682A27DBE099002D0A73;
			productRefGroup = 4DFD683427DBE099002D0A73 /* Products */;
			projectDirPath = "";
			projectRoot = "";
			targets = (
				4DFD683227DBE099002D0A73 /* PouringAppTest */,
			);
		};
/* End PBXProject section */

/* Begin PBXResourcesBuildPhase section */
		4DFD683127DBE099002D0A73 /* Resources */ = {
			isa = PBXResourcesBuildPhase;
			buildActionMask = 2147483647;
			files = (
				4DFD684327DBE09A002D0A73 /* LaunchScreen.storyboard in Resources */,
				4DFD684027DBE09A002D0A73 /* Assets.xcassets in Resources */,
			);
			runOnlyForDeploymentPostprocessing = 0;
		};
/* End PBXResourcesBuildPhase section */

/* Begin PBXSourcesBuildPhase section */
		4DFD682F27DBE099002D0A73 /* Sources */ = {
			isa = PBXSourcesBuildPhase;
			buildActionMask = 2147483647;
			files = (
				4DFD685527DCD6EE002D0A73 /* PouringButton.swift in Sources */,
				4DFD684B27DBE0EA002D0A73 /* TestViewController.swift in Sources */,
				4DFD685B27DCEA98002D0A73 /* PouringTopView.swift in Sources */,
				4DFD685727DCE51A002D0A73 /* PouringModel.swift in Sources */,
				4DFD685027DBE32A002D0A73 /* BackView.swift in Sources */,
				4DFD684E27DBE21C002D0A73 /* UIVIew + Extension.swift in Sources */,
				4DFD685927DCE6B8002D0A73 /* PouringContentView.swift in Sources */,
				4DFD685227DCD3CB002D0A73 /* BackContentView.swift in Sources */,
				4DFD683727DBE099002D0A73 /* AppDelegate.swift in Sources */,
			);
			runOnlyForDeploymentPostprocessing = 0;
		};
/* End PBXSourcesBuildPhase section */

/* Begin PBXVariantGroup section */
		4DFD684127DBE09A002D0A73 /* LaunchScreen.storyboard */ = {
			isa = PBXVariantGroup;
			children = (
				4DFD684227DBE09A002D0A73 /* Base */,
			);
			name = LaunchScreen.storyboard;
			sourceTree = "<group>";
		};
/* End PBXVariantGroup section */

/* Begin XCBuildConfiguration section */
		4DFD684527DBE09A002D0A73 /* Debug */ = {
			isa = XCBuildConfiguration;
			buildSettings = {
				ALWAYS_SEARCH_USER_PATHS = NO;
				CLANG_ANALYZER_NONNULL = YES;
				CLANG_ANALYZER_NUMBER_OBJECT_CONVERSION = YES_AGGRESSIVE;
				CLANG_CXX_LANGUAGE_STANDARD = "gnu++17";
				CLANG_CXX_LIBRARY = "libc++";
				CLANG_ENABLE_MODULES = YES;
				CLANG_ENABLE_OBJC_ARC = YES;
				CLANG_ENABLE_OBJC_WEAK = YES;
				CLANG_WARN_BLOCK_CAPTURE_AUTORELEASING = YES;
				CLANG_WARN_BOOL_CONVERSION = YES;
				CLANG_WARN_COMMA = YES;
				CLANG_WARN_CONSTANT_CONVERSION = YES;
				CLANG_WARN_DEPRECATED_OBJC_IMPLEMENTATIONS = YES;
				CLANG_WARN_DIRECT_OBJC_ISA_USAGE = YES_ERROR;
				CLANG_WARN_DOCUMENTATION_COMMENTS = YES;
				CLANG_WARN_EMPTY_BODY = YES;
				CLANG_WARN_ENUM_CONVERSION = YES;
				CLANG_WARN_INFINITE_RECURSION = YES;
				CLANG_WARN_INT_CONVERSION = YES;
				CLANG_WARN_NON_LITERAL_NULL_CONVERSION = YES;
				CLANG_WARN_OBJC_IMPLICIT_RETAIN_SELF = YES;
				CLANG_WARN_OBJC_LITERAL_CONVERSION = YES;
				CLANG_WARN_OBJC_ROOT_CLASS = YES_ERROR;
				CLANG_WARN_QUOTED_INCLUDE_IN_FRAMEWORK_HEADER = YES;
				CLANG_WARN_RANGE_LOOP_ANALYSIS = YES;
				CLANG_WARN_STRICT_PROTOTYPES = YES;
				CLANG_WARN_SUSPICIOUS_MOVE = YES;
				CLANG_WARN_UNGUARDED_AVAILABILITY = YES_AGGRESSIVE;
				CLANG_WARN_UNREACHABLE_CODE = YES;
				CLANG_WARN__DUPLICATE_METHOD_MATCH = YES;
				COPY_PHASE_STRIP = NO;
				DEBUG_INFORMATION_FORMAT = dwarf;
				ENABLE_STRICT_OBJC_MSGSEND = YES;
				ENABLE_TESTABILITY = YES;
				GCC_C_LANGUAGE_STANDARD = gnu11;
				GCC_DYNAMIC_NO_PIC = NO;
				GCC_NO_COMMON_BLOCKS = YES;
				GCC_OPTIMIZATION_LEVEL = 0;
				GCC_PREPROCESSOR_DEFINITIONS = (
					"DEBUG=1",
					"$(inherited)",
				);
				GCC_WARN_64_TO_32_BIT_CONVERSION = YES;
				GCC_WARN_ABOUT_RETURN_TYPE = YES_ERROR;
				GCC_WARN_UNDECLARED_SELECTOR = YES;
				GCC_WARN_UNINITIALIZED_AUTOS = YES_AGGRESSIVE;
				GCC_WARN_UNUSED_FUNCTION = YES;
				GCC_WARN_UNUSED_VARIABLE = YES;
				IPHONEOS_DEPLOYMENT_TARGET = 15.2;
				MTL_ENABLE_DEBUG_INFO = INCLUDE_SOURCE;
				MTL_FAST_MATH = YES;
				ONLY_ACTIVE_ARCH = YES;
				SDKROOT = iphoneos;
				SWIFT_ACTIVE_COMPILATION_CONDITIONS = DEBUG;
				SWIFT_OPTIMIZATION_LEVEL = "-Onone";
			};
			name = Debug;
		};
		4DFD684627DBE09A002D0A73 /* Release */ = {
			isa = XCBuildConfiguration;
			buildSettings = {
				ALWAYS_SEARCH_USER_PATHS = NO;
				CLANG_ANALYZER_NONNULL = YES;
				CLANG_ANALYZER_NUMBER_OBJECT_CONVERSION = YES_AGGRESSIVE;
				CLANG_CXX_LANGUAGE_STANDARD = "gnu++17";
				CLANG_CXX_LIBRARY = "libc++";
				CLANG_ENABLE_MODULES = YES;
				CLANG_ENABLE_OBJC_ARC = YES;
				CLANG_ENABLE_OBJC_WEAK = YES;
				CLANG_WARN_BLOCK_CAPTURE_AUTORELEASING = YES;
				CLANG_WARN_BOOL_CONVERSION = YES;
				CLANG_WARN_COMMA = YES;
				CLANG_WARN_CONSTANT_CONVERSION = YES;
				CLANG_WARN_DEPRECATED_OBJC_IMPLEMENTATIONS = YES;
				CLANG_WARN_DIRECT_OBJC_ISA_USAGE = YES_ERROR;
				CLANG_WARN_DOCUMENTATION_COMMENTS = YES;
				CLANG_WARN_EMPTY_BODY = YES;
				CLANG_WARN_ENUM_CONVERSION = YES;
				CLANG_WARN_INFINITE_RECURSION = YES;
				CLANG_WARN_INT_CONVERSION = YES;
				CLANG_WARN_NON_LITERAL_NULL_CONVERSION = YES;
				CLANG_WARN_OBJC_IMPLICIT_RETAIN_SELF = YES;
				CLANG_WARN_OBJC_LITERAL_CONVERSION = YES;
				CLANG_WARN_OBJC_ROOT_CLASS = YES_ERROR;
				CLANG_WARN_QUOTED_INCLUDE_IN_FRAMEWORK_HEADER = YES;
				CLANG_WARN_RANGE_LOOP_ANALYSIS = YES;
				CLANG_WARN_STRICT_PROTOTYPES = YES;
				CLANG_WARN_SUSPICIOUS_MOVE = YES;
				CLANG_WARN_UNGUARDED_AVAILABILITY = YES_AGGRESSIVE;
				CLANG_WARN_UNREACHABLE_CODE = YES;
				CLANG_WARN__DUPLICATE_METHOD_MATCH = YES;
				COPY_PHASE_STRIP = NO;
				DEBUG_INFORMATION_FORMAT = "dwarf-with-dsym";
				ENABLE_NS_ASSERTIONS = NO;
				ENABLE_STRICT_OBJC_MSGSEND = YES;
				GCC_C_LANGUAGE_STANDARD = gnu11;
				GCC_NO_COMMON_BLOCKS = YES;
				GCC_WARN_64_TO_32_BIT_CONVERSION = YES;
				GCC_WARN_ABOUT_RETURN_TYPE = YES_ERROR;
				GCC_WARN_UNDECLARED_SELECTOR = YES;
				GCC_WARN_UNINITIALIZED_AUTOS = YES_AGGRESSIVE;
				GCC_WARN_UNUSED_FUNCTION = YES;
				GCC_WARN_UNUSED_VARIABLE = YES;
				IPHONEOS_DEPLOYMENT_TARGET = 15.2;
				MTL_ENABLE_DEBUG_INFO = NO;
				MTL_FAST_MATH = YES;
				SDKROOT = iphoneos;
				SWIFT_COMPILATION_MODE = wholemodule;
				SWIFT_OPTIMIZATION_LEVEL = "-O";
				VALIDATE_PRODUCT = YES;
			};
			name = Release;
		};
		4DFD684827DBE09A002D0A73 /* Debug */ = {
			isa = XCBuildConfiguration;
			buildSettings = {
				ASSETCATALOG_COMPILER_APPICON_NAME = AppIcon;
				ASSETCATALOG_COMPILER_GLOBAL_ACCENT_COLOR_NAME = AccentColor;
				CODE_SIGN_STYLE = Automatic;
				CURRENT_PROJECT_VERSION = 1;
				DEVELOPMENT_TEAM = X9HZ2QY6GJ;
				GENERATE_INFOPLIST_FILE = YES;
				INFOPLIST_FILE = PouringAppTest/Info.plist;
				INFOPLIST_KEY_UIApplicationSupportsIndirectInputEvents = YES;
				INFOPLIST_KEY_UILaunchStoryboardName = LaunchScreen;
				INFOPLIST_KEY_UISupportedInterfaceOrientations_iPad = "UIInterfaceOrientationPortrait UIInterfaceOrientationPortraitUpsideDown UIInterfaceOrientationLandscapeLeft UIInterfaceOrientationLandscapeRight";
				INFOPLIST_KEY_UISupportedInterfaceOrientations_iPhone = "UIInterfaceOrientationPortrait UIInterfaceOrientationLandscapeLeft UIInterfaceOrientationLandscapeRight";
				IPHONEOS_DEPLOYMENT_TARGET = 11.0;
				LD_RUNPATH_SEARCH_PATHS = (
					"$(inherited)",
					"@executable_path/Frameworks",
				);
				MARKETING_VERSION = 1.0;
				PRODUCT_BUNDLE_IDENTIFIER = SavvaDeveloper.PouringAppTest;
				PRODUCT_NAME = "$(TARGET_NAME)";
				SWIFT_EMIT_LOC_STRINGS = YES;
				SWIFT_VERSION = 5.0;
				TARGETED_DEVICE_FAMILY = 1;
			};
			name = Debug;
		};
		4DFD684927DBE09A002D0A73 /* Release */ = {
			isa = XCBuildConfiguration;
			buildSettings = {
				ASSETCATALOG_COMPILER_APPICON_NAME = AppIcon;
				ASSETCATALOG_COMPILER_GLOBAL_ACCENT_COLOR_NAME = AccentColor;
				CODE_SIGN_STYLE = Automatic;
				CURRENT_PROJECT_VERSION = 1;
				DEVELOPMENT_TEAM = X9HZ2QY6GJ;
				GENERATE_INFOPLIST_FILE = YES;
				INFOPLIST_FILE = PouringAppTest/Info.plist;
				INFOPLIST_KEY_UIApplicationSupportsIndirectInputEvents = YES;
				INFOPLIST_KEY_UILaunchStoryboardName = LaunchScreen;
				INFOPLIST_KEY_UISupportedInterfaceOrientations_iPad = "UIInterfaceOrientationPortrait UIInterfaceOrientationPortraitUpsideDown UIInterfaceOrientationLandscapeLeft UIInterfaceOrientationLandscapeRight";
				INFOPLIST_KEY_UISupportedInterfaceOrientations_iPhone = "UIInterfaceOrientationPortrait UIInterfaceOrientationLandscapeLeft UIInterfaceOrientationLandscapeRight";
				IPHONEOS_DEPLOYMENT_TARGET = 11.0;
				LD_RUNPATH_SEARCH_PATHS = (
					"$(inherited)",
					"@executable_path/Frameworks",
				);
				MARKETING_VERSION = 1.0;
				PRODUCT_BUNDLE_IDENTIFIER = SavvaDeveloper.PouringAppTest;
				PRODUCT_NAME = "$(TARGET_NAME)";
				SWIFT_EMIT_LOC_STRINGS = YES;
				SWIFT_VERSION = 5.0;
				TARGETED_DEVICE_FAMILY = 1;
			};
			name = Release;
		};
/* End XCBuildConfiguration section */

/* Begin XCConfigurationList section */
		4DFD682E27DBE099002D0A73 /* Build configuration list for PBXProject "PouringAppTest" */ = {
			isa = XCConfigurationList;
			buildConfigurations = (
				4DFD684527DBE09A002D0A73 /* Debug */,
				4DFD684627DBE09A002D0A73 /* Release */,
			);
			defaultConfigurationIsVisible = 0;
			defaultConfigurationName = Release;
		};
		4DFD684727DBE09A002D0A73 /* Build configuration list for PBXNativeTarget "PouringAppTest" */ = {
			isa = XCConfigurationList;
			buildConfigurations = (
				4DFD684827DBE09A002D0A73 /* Debug */,
				4DFD684927DBE09A002D0A73 /* Release */,
			);
			defaultConfigurationIsVisible = 0;
			defaultConfigurationName = Release;
		};
/* End XCConfigurationList section */
	};
	rootObject = 4DFD682B27DBE099002D0A73 /* Project object */;
}
